# This file is automatically @generated by Cargo.
# It is not intended for manual editing.
version = 4

[[package]]
name = "frost-cli"
version = "0.0.4"
dependencies = [
 "frost-compile",
 "frost-core",
 "frost-parse",
 "frost-runtime",
 "frost-stdlib",
]

[[package]]
name = "frost-compile"
version = "0.0.4"
dependencies = [
 "frost-core",
 "frost-parse",
]

[[package]]
name = "frost-core"
version = "0.0.4"
dependencies = [
 "ryu",
]

[[package]]
name = "frost-parse"
version = "0.0.4"
dependencies = [
 "frost-core",
]

[[package]]
name = "frost-runtime"
version = "0.0.4"
dependencies = [
 "frost-compile",
 "frost-core",
]

[[package]]
name = "frost-stdlib"
version = "0.0.4"
dependencies = [
 "frost-core",
 "frost-runtime",
]

[[package]]
name = "ryu"
version = "1.0.23"
source = "registry+https://github.com/rust-lang/crates.io-index"
checksum = "9774ba4a74de5f7b1c1451ed6cd5285a32eddb5cccb8cc655a4e50009e06477f"
